
Microsoft Visual Studio Solution File, Format Version 12.00
# Visual Studio Version 16
VisualStudioVersion = 16.0.29709.97
MinimumVisualStudioVersion = 10.0.40219.1
Project("{FAE04EC0-301F-11D3-BF4B-00C04F79EFBC}") = "3 лб крипта С", "3 лб крипта С\3 лб крипта С.csproj", "{284D59A0-94EC-4651-8092-70554B592748}"
EndProject
Global
	GlobalSection(SolutionConfigurationPlatforms) = preSolution
		Debug|Any CPU = Debug|Any CPU
		Release|Any CPU = Release|Any CPU
	EndGlobalSection
	GlobalSection(ProjectConfigurationPlatforms) = postSolution
		{284D59A0-94EC-4651-8092-70554B592748}.Debug|Any CPU.ActiveCfg = Debug|Any CPU
		{284D59A0-94EC-4651-8092-70554B592748}.Debug|Any CPU.Build.0 = Debug|Any CPU
		{284D59A0-94EC-4651-8092-70554B592748}.Release|Any CPU.ActiveCfg = Release|Any CPU
		{284D59A0-94EC-4651-8092-70554B592748}.Release|Any CPU.Build.0 = Release|Any CPU
	EndGlobalSection
	GlobalSection(SolutionProperties) = preSolution
		HideSolutionNode = FALSE
	EndGlobalSection
	GlobalSection(ExtensibilityGlobals) = postSolution
		SolutionGuid = {F35AC8AE-EAEF-4483-927A-CE540ED4E2C6}
	EndGlobalSection
EndGlobal
